
Microsoft Visual Studio Solution File, Format Version 12.00
# Visual Studio 2015
Project("{FAE04EC0-301F-11D3-BF4B-00C04F79EFBC}") = "Lumareu", "Lumareu.csproj", "{53E51793-E7AC-B659-6289-0EFEEEEDB912}"
EndProject
Project("{FAE04EC0-301F-11D3-BF4B-00C04F79EFBC}") = "Lumareu.Editor", "Lumareu.Editor.csproj", "{612CE034-190E-BFC1-80FC-046B4C4EB281}"
EndProject
Global
	GlobalSection(SolutionConfigurationPlatforms) = preSolution
		Debug|Any CPU = Debug|Any CPU
		Release|Any CPU = Release|Any CPU
	EndGlobalSection
	GlobalSection(ProjectConfigurationPlatforms) = postSolution
		{53E51793-E7AC-B659-6289-0EFEEEEDB912}.Debug|Any CPU.ActiveCfg = Debug|Any CPU
		{53E51793-E7AC-B659-6289-0EFEEEEDB912}.Debug|Any CPU.Build.0 = Debug|Any CPU
		{53E51793-E7AC-B659-6289-0EFEEEEDB912}.Release|Any CPU.ActiveCfg = Release|Any CPU
		{53E51793-E7AC-B659-6289-0EFEEEEDB912}.Release|Any CPU.Build.0 = Release|Any CPU
		{612CE034-190E-BFC1-80FC-046B4C4EB281}.Debug|Any CPU.ActiveCfg = Debug|Any CPU
		{612CE034-190E-BFC1-80FC-046B4C4EB281}.Debug|Any CPU.Build.0 = Debug|Any CPU
		{612CE034-190E-BFC1-80FC-046B4C4EB281}.Release|Any CPU.ActiveCfg = Release|Any CPU
		{612CE034-190E-BFC1-80FC-046B4C4EB281}.Release|Any CPU.Build.0 = Release|Any CPU
	EndGlobalSection
	GlobalSection(SolutionProperties) = preSolution
		HideSolutionNode = FALSE
	EndGlobalSection
EndGlobal
